
Microsoft Visual Studio Solution File, Format Version 12.00
# Visual Studio Version 16
VisualStudioVersion = 16.0.32407.337
MinimumVisualStudioVersion = 10.0.40219.1
Project("{FAE04EC0-301F-11D3-BF4B-00C04F79EFBC}") = "SearchApplication", "SearchApplication.csproj", "{D244E75E-B67B-4385-B31B-50760D1B7F3D}"
EndProject
Global
	GlobalSection(SolutionConfigurationPlatforms) = preSolution
		Debug|Any CPU = Debug|Any CPU
		Release|Any CPU = Release|Any CPU
	EndGlobalSection
	GlobalSection(ProjectConfigurationPlatforms) = postSolution
		{D244E75E-B67B-4385-B31B-50760D1B7F3D}.Debug|Any CPU.ActiveCfg = Debug|Any CPU
		{D244E75E-B67B-4385-B31B-50760D1B7F3D}.Debug|Any CPU.Build.0 = Debug|Any CPU
		{D244E75E-B67B-4385-B31B-50760D1B7F3D}.Release|Any CPU.ActiveCfg = Release|Any CPU
		{D244E75E-B67B-4385-B31B-50760D1B7F3D}.Release|Any CPU.Build.0 = Release|Any CPU
	EndGlobalSection
	GlobalSection(SolutionProperties) = preSolution
		HideSolutionNode = FALSE
	EndGlobalSection
	GlobalSection(ExtensibilityGlobals) = postSolution
		SolutionGuid = {C509E65F-F247-49DB-9EC5-691BD8A9E2E3}
	EndGlobalSection
EndGlobal
